
Microsoft Visual Studio Solution File, Format Version 12.00
# Visual Studio Version 17
VisualStudioVersion = 17.11.35222.181
MinimumVisualStudioVersion = 10.0.40219.1
Project("{FAE04EC0-301F-11D3-BF4B-00C04F79EFBC}") = "Sim.PL", "Sim.PL\Sim.PL.csproj", "{816A2116-A7A4-4530-97D2-1D19DA132C36}"
EndProject
Project("{FAE04EC0-301F-11D3-BF4B-00C04F79EFBC}") = "Sim.DAL", "Sim.DAL\Sim.DAL.csproj", "{714A0D57-2246-4502-B041-D255C2833BBB}"
EndProject
Project("{FAE04EC0-301F-11D3-BF4B-00C04F79EFBC}") = "Sim.BL", "Sim.BL\Sim.BL.csproj", "{BBE79557-33B5-492F-9540-12F43BC4329D}"
EndProject
Global
	GlobalSection(SolutionConfigurationPlatforms) = preSolution
		Debug|Any CPU = Debug|Any CPU
		Release|Any CPU = Release|Any CPU
	EndGlobalSection
	GlobalSection(ProjectConfigurationPlatforms) = postSolution
		{816A2116-A7A4-4530-97D2-1D19DA132C36}.Debug|Any CPU.ActiveCfg = Debug|Any CPU
		{816A2116-A7A4-4530-97D2-1D19DA132C36}.Debug|Any CPU.Build.0 = Debug|Any CPU
		{816A2116-A7A4-4530-97D2-1D19DA132C36}.Release|Any CPU.ActiveCfg = Release|Any CPU
		{816A2116-A7A4-4530-97D2-1D19DA132C36}.Release|Any CPU.Build.0 = Release|Any CPU
		{714A0D57-2246-4502-B041-D255C2833BBB}.Debug|Any CPU.ActiveCfg = Debug|Any CPU
		{714A0D57-2246-4502-B041-D255C2833BBB}.Debug|Any CPU.Build.0 = Debug|Any CPU
		{714A0D57-2246-4502-B041-D255C2833BBB}.Release|Any CPU.ActiveCfg = Release|Any CPU
		{714A0D57-2246-4502-B041-D255C2833BBB}.Release|Any CPU.Build.0 = Release|Any CPU
		{BBE79557-33B5-492F-9540-12F43BC4329D}.Debug|Any CPU.ActiveCfg = Debug|Any CPU
		{BBE79557-33B5-492F-9540-12F43BC4329D}.Debug|Any CPU.Build.0 = Debug|Any CPU
		{BBE79557-33B5-492F-9540-12F43BC4329D}.Release|Any CPU.ActiveCfg = Release|Any CPU
		{BBE79557-33B5-492F-9540-12F43BC4329D}.Release|Any CPU.Build.0 = Release|Any CPU
	EndGlobalSection
	GlobalSection(SolutionProperties) = preSolution
		HideSolutionNode = FALSE
	EndGlobalSection
	GlobalSection(ExtensibilityGlobals) = postSolution
		SolutionGuid = {A100EAAE-31FE-4204-8565-93592B6516A3}
	EndGlobalSection
EndGlobal
